{
    "name": "fest-cms-setup",
    "version": "1.0.0",
    "lockfileVersion": 3,
    "requires": true,
    "packages": {
        "": {
            "name": "fest-cms-setup",
            "version": "1.0.0",
            "dependencies": {
                "@directus/sdk": "^11.0.0"
            }
        },
        "node_modules/@directus/sdk": {
            "version": "11.0.3",
            "resolved": "https://registry.npmjs.org/@directus/sdk/-/sdk-11.0.3.tgz",
            "integrity": "sha512-fHvHFcDhl8AY5quRP4cgLMHTU6F4c4ynmMpXRsi8dnSd38mIvciFyYmOVOh34Wp2N+a1YNYpXPU+NsHkfIheHw==",
            "license": "MIT",
            "engines": {
                "node": ">=18.0.0"
            },
            "funding": {
                "url": "https://github.com/directus/directus?sponsor=1"
            }
        }
    }
}
